
Microsoft Visual Studio Solution File, Format Version 12.00
# Visual Studio Version 17
VisualStudioVersion = 17.14.36811.4 d17.14
MinimumVisualStudioVersion = 10.0.40219.1
Project("{FAE04EC0-301F-11D3-BF4B-00C04F79EFBC}") = "Order", "Order\Order.csproj", "{0ED223CF-542F-448A-B978-1953C3D1C2DF}"
EndProject
Project("{FAE04EC0-301F-11D3-BF4B-00C04F79EFBC}") = "Domain", "Domain\Domain.csproj", "{D378F151-759E-42EA-B733-83E161159F03}"
EndProject
Project("{FAE04EC0-301F-11D3-BF4B-00C04F79EFBC}") = "Utilities", "Utilities\Utilities.csproj", "{D666207B-EFB4-4780-BCB0-694C68838E15}"
EndProject
Project("{FAE04EC0-301F-11D3-BF4B-00C04F79EFBC}") = "Infrastructure", "Infrastructure\Infrastructure.csproj", "{BF9F1922-0E05-43E1-B8F8-96BA5F44B651}"
EndProject
Global
	GlobalSection(SolutionConfigurationPlatforms) = preSolution
		Debug|Any CPU = Debug|Any CPU
		Release|Any CPU = Release|Any CPU
	EndGlobalSection
	GlobalSection(ProjectConfigurationPlatforms) = postSolution
		{0ED223CF-542F-448A-B978-1953C3D1C2DF}.Debug|Any CPU.ActiveCfg = Debug|Any CPU
		{0ED223CF-542F-448A-B978-1953C3D1C2DF}.Debug|Any CPU.Build.0 = Debug|Any CPU
		{0ED223CF-542F-448A-B978-1953C3D1C2DF}.Release|Any CPU.ActiveCfg = Release|Any CPU
		{0ED223CF-542F-448A-B978-1953C3D1C2DF}.Release|Any CPU.Build.0 = Release|Any CPU
		{D378F151-759E-42EA-B733-83E161159F03}.Debug|Any CPU.ActiveCfg = Debug|Any CPU
		{D378F151-759E-42EA-B733-83E161159F03}.Debug|Any CPU.Build.0 = Debug|Any CPU
		{D378F151-759E-42EA-B733-83E161159F03}.Release|Any CPU.ActiveCfg = Release|Any CPU
		{D378F151-759E-42EA-B733-83E161159F03}.Release|Any CPU.Build.0 = Release|Any CPU
		{D666207B-EFB4-4780-BCB0-694C68838E15}.Debug|Any CPU.ActiveCfg = Debug|Any CPU
		{D666207B-EFB4-4780-BCB0-694C68838E15}.Debug|Any CPU.Build.0 = Debug|Any CPU
		{D666207B-EFB4-4780-BCB0-694C68838E15}.Release|Any CPU.ActiveCfg = Release|Any CPU
		{D666207B-EFB4-4780-BCB0-694C68838E15}.Release|Any CPU.Build.0 = Release|Any CPU
		{BF9F1922-0E05-43E1-B8F8-96BA5F44B651}.Debug|Any CPU.ActiveCfg = Debug|Any CPU
		{BF9F1922-0E05-43E1-B8F8-96BA5F44B651}.Debug|Any CPU.Build.0 = Debug|Any CPU
		{BF9F1922-0E05-43E1-B8F8-96BA5F44B651}.Release|Any CPU.ActiveCfg = Release|Any CPU
		{BF9F1922-0E05-43E1-B8F8-96BA5F44B651}.Release|Any CPU.Build.0 = Release|Any CPU
	EndGlobalSection
	GlobalSection(SolutionProperties) = preSolution
		HideSolutionNode = FALSE
	EndGlobalSection
	GlobalSection(ExtensibilityGlobals) = postSolution
		SolutionGuid = {63DE7895-99DD-4BB1-B3FA-239240BD8217}
	EndGlobalSection
EndGlobal
